
Microsoft Visual Studio Solution File, Format Version 12.00
# Visual Studio Version 16
VisualStudioVersion = 16.0.29806.167
MinimumVisualStudioVersion = 10.0.40219.1
Project("{9A19103F-16F7-4668-BE54-9A1E7A4F7556}") = "Safra.API", "Safra.API\Safra.API.csproj", "{1981E26A-BA08-4A60-A3DA-589615E61835}"
EndProject
Project("{FAE04EC0-301F-11D3-BF4B-00C04F79EFBC}") = "Safra.Application", "Safra.Application\Safra.Application.csproj", "{8ED8AFE8-4CF2-4B1C-84EC-6BD20D490D5B}"
EndProject
Project("{FAE04EC0-301F-11D3-BF4B-00C04F79EFBC}") = "Safra.Domain", "Safra.Domain\Safra.Domain.csproj", "{1871EF61-1DF0-41C7-9330-565D4B47DCFE}"
EndProject
Project("{FAE04EC0-301F-11D3-BF4B-00C04F79EFBC}") = "Safra.Infrastructure", "Safra.Infrastructure\Safra.Infrastructure.csproj", "{6F879FB3-F799-427F-98D9-5823B7A8A044}"
EndProject
Global
	GlobalSection(SolutionConfigurationPlatforms) = preSolution
		Debug|Any CPU = Debug|Any CPU
		Release|Any CPU = Release|Any CPU
	EndGlobalSection
	GlobalSection(ProjectConfigurationPlatforms) = postSolution
		{1981E26A-BA08-4A60-A3DA-589615E61835}.Debug|Any CPU.ActiveCfg = Debug|Any CPU
		{1981E26A-BA08-4A60-A3DA-589615E61835}.Debug|Any CPU.Build.0 = Debug|Any CPU
		{1981E26A-BA08-4A60-A3DA-589615E61835}.Release|Any CPU.ActiveCfg = Release|Any CPU
		{1981E26A-BA08-4A60-A3DA-589615E61835}.Release|Any CPU.Build.0 = Release|Any CPU
		{8ED8AFE8-4CF2-4B1C-84EC-6BD20D490D5B}.Debug|Any CPU.ActiveCfg = Debug|Any CPU
		{8ED8AFE8-4CF2-4B1C-84EC-6BD20D490D5B}.Debug|Any CPU.Build.0 = Debug|Any CPU
		{8ED8AFE8-4CF2-4B1C-84EC-6BD20D490D5B}.Release|Any CPU.ActiveCfg = Release|Any CPU
		{8ED8AFE8-4CF2-4B1C-84EC-6BD20D490D5B}.Release|Any CPU.Build.0 = Release|Any CPU
		{1871EF61-1DF0-41C7-9330-565D4B47DCFE}.Debug|Any CPU.ActiveCfg = Debug|Any CPU
		{1871EF61-1DF0-41C7-9330-565D4B47DCFE}.Debug|Any CPU.Build.0 = Debug|Any CPU
		{1871EF61-1DF0-41C7-9330-565D4B47DCFE}.Release|Any CPU.ActiveCfg = Release|Any CPU
		{1871EF61-1DF0-41C7-9330-565D4B47DCFE}.Release|Any CPU.Build.0 = Release|Any CPU
		{6F879FB3-F799-427F-98D9-5823B7A8A044}.Debug|Any CPU.ActiveCfg = Debug|Any CPU
		{6F879FB3-F799-427F-98D9-5823B7A8A044}.Debug|Any CPU.Build.0 = Debug|Any CPU
		{6F879FB3-F799-427F-98D9-5823B7A8A044}.Release|Any CPU.ActiveCfg = Release|Any CPU
		{6F879FB3-F799-427F-98D9-5823B7A8A044}.Release|Any CPU.Build.0 = Release|Any CPU
	EndGlobalSection
	GlobalSection(SolutionProperties) = preSolution
		HideSolutionNode = FALSE
	EndGlobalSection
	GlobalSection(ExtensibilityGlobals) = postSolution
		SolutionGuid = {B3538627-646F-4D34-AF04-78264AEA117C}
	EndGlobalSection
EndGlobal
